<Solution>
  <Folder Name="/src/">
    <Project Path="src/Dadabe.Cli/Dadabe.Cli.csproj" />
    <Project Path="src/Dadabe.Core/Dadabe.Core.csproj" />
    <Project Path="src/Dadabe.Editor/Dadabe.Editor.csproj" />
    <Project Path="src/Dadabe.Fretboard/Dadabe.Fretboard.csproj" />
  </Folder>
  <Folder Name="/tests/">
    <Project Path="tests/Dadabe.Cli.Tests/Dadabe.Cli.Tests.csproj" />
    <Project Path="tests/Dadabe.Core.Tests/Dadabe.Core.Tests.csproj" />
    <Project Path="tests/Dadabe.Fretboard.Tests/Dadabe.Fretboard.Tests.csproj" />
  </Folder>
</Solution>
